// !$*UTF8*$!
{
	archiveVersion = 1;
	classes = {
	};
	objectVersion = 55;
	objects = {

/* Begin PBXBuildFile section */
		E92520752869B9280068E204 /* AppDelegate.swift in Sources */ = {isa = PBXBuildFile; fileRef = E92520742869B9280068E204 /* AppDelegate.swift */; };
		E92520772869B9280068E204 /* SceneDelegate.swift in Sources */ = {isa = PBXBuildFile; fileRef = E92520762869B9280068E204 /* SceneDelegate.swift */; };
		E92520792869B9280068E204 /* ViewController.swift in Sources */ = {isa = PBXBuildFile; fileRef = E92520782869B9280068E204 /* ViewController.swift */; };
		E925207C2869B9280068E204 /* Main.storyboard in Resources */ = {isa = PBXBuildFile; fileRef = E925207A2869B9280068E204 /* Main.storyboard */; };
		E925207E2869B9290068E204 /* Assets.xcassets in Resources */ = {isa = PBXBuildFile; fileRef = E925207D2869B9290068E204 /* Assets.xcassets */; };
		E92520812869B9290068E204 /* LaunchScreen.storyboard in Resources */ = {isa = PBXBuildFile; fileRef = E925207F2869B9290068E204 /* LaunchScreen.storyboard */; };
		E92520892869C4A50068E204 /* newsCell.swift in Sources */ = {isa = PBXBuildFile; fileRef = E92520882869C4A50068E204 /* newsCell.swift */; };
		E9CBBFF7286A987C001C55FC /* newsStructFile.swift in Sources */ = {isa = PBXBuildFile; fileRef = E9CBBFF6286A987C001C55FC /* newsStructFile.swift */; };
		E9CBBFF9286A9938001C55FC /* newsData.swift in Sources */ = {isa = PBXBuildFile; fileRef = E9CBBFF8286A9938001C55FC /* newsData.swift */; };
		E9CBBFFC286A9A40001C55FC /* NewsContent.storyboard in Resources */ = {isa = PBXBuildFile; fileRef = E9CBBFFB286A9A40001C55FC /* NewsContent.storyboard */; };
		E9CBBFFE286A9A85001C55FC /* NewsContent.swift in Sources */ = {isa = PBXBuildFile; fileRef = E9CBBFFD286A9A85001C55FC /* NewsContent.swift */; };
/* End PBXBuildFile section */

/* Begin PBXFileReference section */
		E92520712869B9280068E204 /* News.app */ = {isa = PBXFileReference; explicitFileType = wrapper.application; includeInIndex = 0; path = News.app; sourceTree = BUILT_PRODUCTS_DIR; };
		E92520742869B9280068E204 /* AppDelegate.swift */ = {isa = PBXFileReference; lastKnownFileType = sourcecode.swift; path = AppDelegate.swift; sourceTree = "<group>"; };
		E92520762869B9280068E204 /* SceneDelegate.swift */ = {isa = PBXFileReference; lastKnownFileType = sourcecode.swift; path = SceneDelegate.swift; sourceTree = "<group>"; };
		E92520782869B9280068E204 /* ViewController.swift */ = {isa = PBXFileReference; lastKnownFileType = sourcecode.swift; path = ViewController.swift; sourceTree = "<group>"; };
		E925207B2869B9280068E204 /* Base */ = {isa = PBXFileReference; lastKnownFileType = file.storyboard; name = Base; path = Base.lproj/Main.storyboard; sourceTree = "<group>"; };
		E925207D2869B9290068E204 /* Assets.xcassets */ = {isa = PBXFileReference; lastKnownFileType = folder.assetcatalog; path = Assets.xcassets; sourceTree = "<group>"; };
		E92520802869B9290068E204 /* Base */ = {isa = PBXFileReference; lastKnownFileType = file.storyboard; name = Base; path = Base.lproj/LaunchScreen.storyboard; sourceTree = "<group>"; };
		E92520822869B9290068E204 /* Info.plist */ = {isa = PBXFileReference; lastKnownFileType = text.plist.xml; path = Info.plist; sourceTree = "<group>"; };
		E92520882869C4A50068E204 /* newsCell.swift */ = {isa = PBXFileReference; lastKnownFileType = sourcecode.swift; path = newsCell.swift; sourceTree = "<group>"; };
		E9CBBFF6286A987C001C55FC /* newsStructFile.swift */ = {isa = PBXFileReference; lastKnownFileType = sourcecode.swift; path = newsStructFile.swift; sourceTree = "<group>"; };
		E9CBBFF8286A9938001C55FC /* newsData.swift */ = {isa = PBXFileReference; lastKnownFileType = sourcecode.swift; path = newsData.swift; sourceTree = "<group>"; };
		E9CBBFFB286A9A40001C55FC /* NewsContent.storyboard */ = {isa = PBXFileReference; lastKnownFileType = file.storyboard; path = NewsContent.storyboard; sourceTree = "<group>"; };
		E9CBBFFD286A9A85001C55FC /* NewsContent.swift */ = {isa = PBXFileReference; lastKnownFileType = sourcecode.swift; path = NewsContent.swift; sourceTree = "<group>"; };
/* End PBXFileReference section */

/* Begin PBXFrameworksBuildPhase section */
		E925206E2869B9280068E204 /* Frameworks */ = {
			isa = PBXFrameworksBuildPhase;
			buildActionMask = 2147483647;
			files = (
			);
			runOnlyForDeploymentPostprocessing = 0;
		};
/* End PBXFrameworksBuildPhase section */

/* Begin PBXGroup section */
		E92520682869B9280068E204 = {
			isa = PBXGroup;
			children = (
				E92520732869B9280068E204 /* News */,
				E92520722869B9280068E204 /* Products */,
			);
			sourceTree = "<group>";
		};
		E92520722869B9280068E204 /* Products */ = {
			isa = PBXGroup;
			children = (
				E92520712869B9280068E204 /* News.app */,
			);
			name = Products;
			sourceTree = "<group>";
		};
		E92520732869B9280068E204 /* News */ = {
			isa = PBXGroup;
			children = (
				E92520962869CB2A0068E204 /* Resources */,
				E92520952869CB210068E204 /* Model */,
				E92520942869CB180068E204 /* View */,
				E92520932869CB0B0068E204 /* ViewModel */,
				E92520922869CAFE0068E204 /* Networking */,
				E92520912869CAF10068E204 /* Utility */,
				E92520902869CAE90068E204 /* Constants */,
				E92520742869B9280068E204 /* AppDelegate.swift */,
				E92520762869B9280068E204 /* SceneDelegate.swift */,
				E92520822869B9290068E204 /* Info.plist */,
			);
			path = News;
			sourceTree = "<group>";
		};
		E92520902869CAE90068E204 /* Constants */ = {
			isa = PBXGroup;
			children = (
			);
			path = Constants;
			sourceTree = "<group>";
		};
		E92520912869CAF10068E204 /* Utility */ = {
			isa = PBXGroup;
			children = (
			);
			path = Utility;
			sourceTree = "<group>";
		};
		E92520922869CAFE0068E204 /* Networking */ = {
			isa = PBXGroup;
			children = (
			);
			path = Networking;
			sourceTree = "<group>";
		};
		E92520932869CB0B0068E204 /* ViewModel */ = {
			isa = PBXGroup;
			children = (
			);
			path = ViewModel;
			sourceTree = "<group>";
		};
		E92520942869CB180068E204 /* View */ = {
			isa = PBXGroup;
			children = (
				E9CBBFFA286A99D2001C55FC /* NewsDesciption */,
				E92520972869CDD10068E204 /* HomePage */,
			);
			path = View;
			sourceTree = "<group>";
		};
		E92520952869CB210068E204 /* Model */ = {
			isa = PBXGroup;
			children = (
				E9CBBFF6286A987C001C55FC /* newsStructFile.swift */,
				E9CBBFF8286A9938001C55FC /* newsData.swift */,
			);
			path = Model;
			sourceTree = "<group>";
		};
		E92520962869CB2A0068E204 /* Resources */ = {
			isa = PBXGroup;
			children = (
				E925207D2869B9290068E204 /* Assets.xcassets */,
				E925207F2869B9290068E204 /* LaunchScreen.storyboard */,
			);
			path = Resources;
			sourceTree = "<group>";
		};
		E92520972869CDD10068E204 /* HomePage */ = {
			isa = PBXGroup;
			children = (
				E92520782869B9280068E204 /* ViewController.swift */,
				E92520882869C4A50068E204 /* newsCell.swift */,
				E925207A2869B9280068E204 /* Main.storyboard */,
			);
			path = HomePage;
			sourceTree = "<group>";
		};
		E9CBBFFA286A99D2001C55FC /* NewsDesciption */ = {
			isa = PBXGroup;
			children = (
				E9CBBFFB286A9A40001C55FC /* NewsContent.storyboard */,
				E9CBBFFD286A9A85001C55FC /* NewsContent.swift */,
			);
			path = NewsDesciption;
			sourceTree = "<group>";
		};
/* End PBXGroup section */

/* Begin PBXNativeTarget section */
		E92520702869B9280068E204 /* News */ = {
			isa = PBXNativeTarget;
			buildConfigurationList = E92520852869B9290068E204 /* Build configuration list for PBXNativeTarget "News" */;
			buildPhases = (
				E925206D2869B9280068E204 /* Sources */,
				E925206E2869B9280068E204 /* Frameworks */,
				E925206F2869B9280068E204 /* Resources */,
			);
			buildRules = (
			);
			dependencies = (
			);
			name = News;
			productName = News;
			productReference = E92520712869B9280068E204 /* News.app */;
			productType = "com.apple.product-type.application";
		};
/* End PBXNativeTarget section */

/* Begin PBXProject section */
		E92520692869B9280068E204 /* Project object */ = {
			isa = PBXProject;
			attributes = {
				BuildIndependentTargetsInParallel = 1;
				LastSwiftUpdateCheck = 1340;
				LastUpgradeCheck = 1340;
				TargetAttributes = {
					E92520702869B9280068E204 = {
						CreatedOnToolsVersion = 13.4.1;
					};
				};
			};
			buildConfigurationList = E925206C2869B9280068E204 /* Build configuration list for PBXProject "News" */;
			compatibilityVersion = "Xcode 13.0";
			developmentRegion = en;
			hasScannedForEncodings = 0;
			knownRegions = (
				en,
				Base,
			);
			mainGroup = E92520682869B9280068E204;
			productRefGroup = E92520722869B9280068E204 /* Products */;
			projectDirPath = "";
			projectRoot = "";
			targets = (
				E92520702869B9280068E204 /* News */,
			);
		};
/* End PBXProject section */

/* Begin PBXResourcesBuildPhase section */
		E925206F2869B9280068E204 /* Resources */ = {
			isa = PBXResourcesBuildPhase;
			buildActionMask = 2147483647;
			files = (
				E92520812869B9290068E204 /* LaunchScreen.storyboard in Resources */,
				E9CBBFFC286A9A40001C55FC /* NewsContent.storyboard in Resources */,
				E925207E2869B9290068E204 /* Assets.xcassets in Resources */,
				E925207C2869B9280068E204 /* Main.storyboard in Resources */,
			);
			runOnlyForDeploymentPostprocessing = 0;
		};
/* End PBXResourcesBuildPhase section */

/* Begin PBXSourcesBuildPhase section */
		E925206D2869B9280068E204 /* Sources */ = {
			isa = PBXSourcesBuildPhase;
			buildActionMask = 2147483647;
			files = (
				E92520792869B9280068E204 /* ViewController.swift in Sources */,
				E92520752869B9280068E204 /* AppDelegate.swift in Sources */,
				E9CBBFF7286A987C001C55FC /* newsStructFile.swift in Sources */,
				E9CBBFFE286A9A85001C55FC /* NewsContent.swift in Sources */,
				E92520892869C4A50068E204 /* newsCell.swift in Sources */,
				E9CBBFF9286A9938001C55FC /* newsData.swift in Sources */,
				E92520772869B9280068E204 /* SceneDelegate.swift in Sources */,
			);
			runOnlyForDeploymentPostprocessing = 0;
		};
/* End PBXSourcesBuildPhase section */

/* Begin PBXVariantGroup section */
		E925207A2869B9280068E204 /* Main.storyboard */ = {
			isa = PBXVariantGroup;
			children = (
				E925207B2869B9280068E204 /* Base */,
			);
			name = Main.storyboard;
			sourceTree = "<group>";
		};
		E925207F2869B9290068E204 /* LaunchScreen.storyboard */ = {
			isa = PBXVariantGroup;
			children = (
				E92520802869B9290068E204 /* Base */,
			);
			name = LaunchScreen.storyboard;
			sourceTree = "<group>";
		};
/* End PBXVariantGroup section */

/* Begin XCBuildConfiguration section */
		E92520832869B9290068E204 /* Debug */ = {
			isa = XCBuildConfiguration;
			buildSettings = {
				ALWAYS_SEARCH_USER_PATHS = NO;
				CLANG_ANALYZER_NONNULL = YES;
				CLANG_ANALYZER_NUMBER_OBJECT_CONVERSION = YES_AGGRESSIVE;
				CLANG_CXX_LANGUAGE_STANDARD = "gnu++17";
				CLANG_ENABLE_MODULES = YES;
				CLANG_ENABLE_OBJC_ARC = YES;
				CLANG_ENABLE_OBJC_WEAK = YES;
				CLANG_WARN_BLOCK_CAPTURE_AUTORELEASING = YES;
				CLANG_WARN_BOOL_CONVERSION = YES;
				CLANG_WARN_COMMA = YES;
				CLANG_WARN_CONSTANT_CONVERSION = YES;
				CLANG_WARN_DEPRECATED_OBJC_IMPLEMENTATIONS = YES;
				CLANG_WARN_DIRECT_OBJC_ISA_USAGE = YES_ERROR;
				CLANG_WARN_DOCUMENTATION_COMMENTS = YES;
				CLANG_WARN_EMPTY_BODY = YES;
				CLANG_WARN_ENUM_CONVERSION = YES;
				CLANG_WARN_INFINITE_RECURSION = YES;
				CLANG_WARN_INT_CONVERSION = YES;
				CLANG_WARN_NON_LITERAL_NULL_CONVERSION = YES;
				CLANG_WARN_OBJC_IMPLICIT_RETAIN_SELF = YES;
				CLANG_WARN_OBJC_LITERAL_CONVERSION = YES;
				CLANG_WARN_OBJC_ROOT_CLASS = YES_ERROR;
				CLANG_WARN_QUOTED_INCLUDE_IN_FRAMEWORK_HEADER = YES;
				CLANG_WARN_RANGE_LOOP_ANALYSIS = YES;
				CLANG_WARN_STRICT_PROTOTYPES = YES;
				CLANG_WARN_SUSPICIOUS_MOVE = YES;
				CLANG_WARN_UNGUARDED_AVAILABILITY = YES_AGGRESSIVE;
				CLANG_WARN_UNREACHABLE_CODE = YES;
				CLANG_WARN__DUPLICATE_METHOD_MATCH = YES;
				COPY_PHASE_STRIP = NO;
				DEBUG_INFORMATION_FORMAT = dwarf;
				ENABLE_STRICT_OBJC_MSGSEND = YES;
				ENABLE_TESTABILITY = YES;
				GCC_C_LANGUAGE_STANDARD = gnu11;
				GCC_DYNAMIC_NO_PIC = NO;
				GCC_NO_COMMON_BLOCKS = YES;
				GCC_OPTIMIZATION_LEVEL = 0;
				GCC_PREPROCESSOR_DEFINITIONS = (
					"DEBUG=1",
					"$(inherited)",
				);
				GCC_WARN_64_TO_32_BIT_CONVERSION = YES;
				GCC_WARN_ABOUT_RETURN_TYPE = YES_ERROR;
				GCC_WARN_UNDECLARED_SELECTOR = YES;
				GCC_WARN_UNINITIALIZED_AUTOS = YES_AGGRESSIVE;
				GCC_WARN_UNUSED_FUNCTION = YES;
				GCC_WARN_UNUSED_VARIABLE = YES;
				IPHONEOS_DEPLOYMENT_TARGET = 15.5;
				MTL_ENABLE_DEBUG_INFO = INCLUDE_SOURCE;
				MTL_FAST_MATH = YES;
				ONLY_ACTIVE_ARCH = YES;
				SDKROOT = iphoneos;
				SWIFT_ACTIVE_COMPILATION_CONDITIONS = DEBUG;
				SWIFT_OPTIMIZATION_LEVEL = "-Onone";
			};
			name = Debug;
		};
		E92520842869B9290068E204 /* Release */ = {
			isa = XCBuildConfiguration;
			buildSettings = {
				ALWAYS_SEARCH_USER_PATHS = NO;
				CLANG_ANALYZER_NONNULL = YES;
				CLANG_ANALYZER_NUMBER_OBJECT_CONVERSION = YES_AGGRESSIVE;
				CLANG_CXX_LANGUAGE_STANDARD = "gnu++17";
				CLANG_ENABLE_MODULES = YES;
				CLANG_ENABLE_OBJC_ARC = YES;
				CLANG_ENABLE_OBJC_WEAK = YES;
				CLANG_WARN_BLOCK_CAPTURE_AUTORELEASING = YES;
				CLANG_WARN_BOOL_CONVERSION = YES;
				CLANG_WARN_COMMA = YES;
				CLANG_WARN_CONSTANT_CONVERSION = YES;
				CLANG_WARN_DEPRECATED_OBJC_IMPLEMENTATIONS = YES;
				CLANG_WARN_DIRECT_OBJC_ISA_USAGE = YES_ERROR;
				CLANG_WARN_DOCUMENTATION_COMMENTS = YES;
				CLANG_WARN_EMPTY_BODY = YES;
				CLANG_WARN_ENUM_CONVERSION = YES;
				CLANG_WARN_INFINITE_RECURSION = YES;
				CLANG_WARN_INT_CONVERSION = YES;
				CLANG_WARN_NON_LITERAL_NULL_CONVERSION = YES;
				CLANG_WARN_OBJC_IMPLICIT_RETAIN_SELF = YES;
				CLANG_WARN_OBJC_LITERAL_CONVERSION = YES;
				CLANG_WARN_OBJC_ROOT_CLASS = YES_ERROR;
				CLANG_WARN_QUOTED_INCLUDE_IN_FRAMEWORK_HEADER = YES;
				CLANG_WARN_RANGE_LOOP_ANALYSIS = YES;
				CLANG_WARN_STRICT_PROTOTYPES = YES;
				CLANG_WARN_SUSPICIOUS_MOVE = YES;
				CLANG_WARN_UNGUARDED_AVAILABILITY = YES_AGGRESSIVE;
				CLANG_WARN_UNREACHABLE_CODE = YES;
				CLANG_WARN__DUPLICATE_METHOD_MATCH = YES;
				COPY_PHASE_STRIP = NO;
				DEBUG_INFORMATION_FORMAT = "dwarf-with-dsym";
				ENABLE_NS_ASSERTIONS = NO;
				ENABLE_STRICT_OBJC_MSGSEND = YES;
				GCC_C_LANGUAGE_STANDARD = gnu11;
				GCC_NO_COMMON_BLOCKS = YES;
				GCC_WARN_64_TO_32_BIT_CONVERSION = YES;
				GCC_WARN_ABOUT_RETURN_TYPE = YES_ERROR;
				GCC_WARN_UNDECLARED_SELECTOR = YES;
				GCC_WARN_UNINITIALIZED_AUTOS = YES_AGGRESSIVE;
				GCC_WARN_UNUSED_FUNCTION = YES;
				GCC_WARN_UNUSED_VARIABLE = YES;
				IPHONEOS_DEPLOYMENT_TARGET = 15.5;
				MTL_ENABLE_DEBUG_INFO = NO;
				MTL_FAST_MATH = YES;
				SDKROOT = iphoneos;
				SWIFT_COMPILATION_MODE = wholemodule;
				SWIFT_OPTIMIZATION_LEVEL = "-O";
				VALIDATE_PRODUCT = YES;
			};
			name = Release;
		};
		E92520862869B9290068E204 /* Debug */ = {
			isa = XCBuildConfiguration;
			buildSettings = {
				ASSETCATALOG_COMPILER_APPICON_NAME = AppIcon;
				ASSETCATALOG_COMPILER_GLOBAL_ACCENT_COLOR_NAME = AccentColor;
				CODE_SIGN_STYLE = Automatic;
				CURRENT_PROJECT_VERSION = 1;
				GENERATE_INFOPLIST_FILE = YES;
				INFOPLIST_FILE = News/Info.plist;
				INFOPLIST_KEY_UIApplicationSupportsIndirectInputEvents = YES;
				INFOPLIST_KEY_UILaunchStoryboardName = LaunchScreen;
				INFOPLIST_KEY_UIMainStoryboardFile = Main;
				INFOPLIST_KEY_UISupportedInterfaceOrientations_iPad = "UIInterfaceOrientationPortrait UIInterfaceOrientationPortraitUpsideDown UIInterfaceOrientationLandscapeLeft UIInterfaceOrientationLandscapeRight";
				INFOPLIST_KEY_UISupportedInterfaceOrientations_iPhone = "UIInterfaceOrientationPortrait UIInterfaceOrientationLandscapeLeft UIInterfaceOrientationLandscapeRight";
				LD_RUNPATH_SEARCH_PATHS = (
					"$(inherited)",
					"@executable_path/Frameworks",
				);
				MARKETING_VERSION = 1.0;
				PRODUCT_BUNDLE_IDENTIFIER = akhil.News;
				PRODUCT_NAME = "$(TARGET_NAME)";
				SWIFT_EMIT_LOC_STRINGS = YES;
				SWIFT_VERSION = 5.0;
				TARGETED_DEVICE_FAMILY = "1,2";
			};
			name = Debug;
		};
		E92520872869B9290068E204 /* Release */ = {
			isa = XCBuildConfiguration;
			buildSettings = {
				ASSETCATALOG_COMPILER_APPICON_NAME = AppIcon;
				ASSETCATALOG_COMPILER_GLOBAL_ACCENT_COLOR_NAME = AccentColor;
				CODE_SIGN_STYLE = Automatic;
				CURRENT_PROJECT_VERSION = 1;
				GENERATE_INFOPLIST_FILE = YES;
				INFOPLIST_FILE = News/Info.plist;
				INFOPLIST_KEY_UIApplicationSupportsIndirectInputEvents = YES;
				INFOPLIST_KEY_UILaunchStoryboardName = LaunchScreen;
				INFOPLIST_KEY_UIMainStoryboardFile = Main;
				INFOPLIST_KEY_UISupportedInterfaceOrientations_iPad = "UIInterfaceOrientationPortrait UIInterfaceOrientationPortraitUpsideDown UIInterfaceOrientationLandscapeLeft UIInterfaceOrientationLandscapeRight";
				INFOPLIST_KEY_UISupportedInterfaceOrientations_iPhone = "UIInterfaceOrientationPortrait UIInterfaceOrientationLandscapeLeft UIInterfaceOrientationLandscapeRight";
				LD_RUNPATH_SEARCH_PATHS = (
					"$(inherited)",
					"@executable_path/Frameworks",
				);
				MARKETING_VERSION = 1.0;
				PRODUCT_BUNDLE_IDENTIFIER = akhil.News;
				PRODUCT_NAME = "$(TARGET_NAME)";
				SWIFT_EMIT_LOC_STRINGS = YES;
				SWIFT_VERSION = 5.0;
				TARGETED_DEVICE_FAMILY = "1,2";
			};
			name = Release;
		};
/* End XCBuildConfiguration section */

/* Begin XCConfigurationList section */
		E925206C2869B9280068E204 /* Build configuration list for PBXProject "News" */ = {
			isa = XCConfigurationList;
			buildConfigurations = (
				E92520832869B9290068E204 /* Debug */,
				E92520842869B9290068E204 /* Release */,
			);
			defaultConfigurationIsVisible = 0;
			defaultConfigurationName = Release;
		};
		E92520852869B9290068E204 /* Build configuration list for PBXNativeTarget "News" */ = {
			isa = XCConfigurationList;
			buildConfigurations = (
				E92520862869B9290068E204 /* Debug */,
				E92520872869B9290068E204 /* Release */,
			);
			defaultConfigurationIsVisible = 0;
			defaultConfigurationName = Release;
		};
/* End XCConfigurationList section */
	};
	rootObject = E92520692869B9280068E204 /* Project object */;
}
